
Microsoft Visual Studio Solution File, Format Version 12.00
# Visual Studio Version 17
VisualStudioVersion = 17.8.34316.72
MinimumVisualStudioVersion = 10.0.40219.1
Project("{FAE04EC0-301F-11D3-BF4B-00C04F79EFBC}") = "TokenAuth.Api", "TokenAuth.Api\TokenAuth.Api.csproj", "{AC5B844F-A22A-42EF-BD6E-9CE7AF8C004A}"
EndProject
Global
	GlobalSection(SolutionConfigurationPlatforms) = preSolution
		Debug|Any CPU = Debug|Any CPU
		Release|Any CPU = Release|Any CPU
	EndGlobalSection
	GlobalSection(ProjectConfigurationPlatforms) = postSolution
		{AC5B844F-A22A-42EF-BD6E-9CE7AF8C004A}.Debug|Any CPU.ActiveCfg = Debug|Any CPU
		{AC5B844F-A22A-42EF-BD6E-9CE7AF8C004A}.Debug|Any CPU.Build.0 = Debug|Any CPU
		{AC5B844F-A22A-42EF-BD6E-9CE7AF8C004A}.Release|Any CPU.ActiveCfg = Release|Any CPU
		{AC5B844F-A22A-42EF-BD6E-9CE7AF8C004A}.Release|Any CPU.Build.0 = Release|Any CPU
	EndGlobalSection
	GlobalSection(SolutionProperties) = preSolution
		HideSolutionNode = FALSE
	EndGlobalSection
	GlobalSection(ExtensibilityGlobals) = postSolution
		SolutionGuid = {295A4B97-9418-4852-B34B-6DBF275A83B2}
	EndGlobalSection
EndGlobal
